
Microsoft Visual Studio Solution File, Format Version 12.00
# Visual Studio 15
VisualStudioVersion = 15.0.28307.438
MinimumVisualStudioVersion = 10.0.40219.1
Project("{FAE04EC0-301F-11D3-BF4B-00C04F79EFBC}") = "hangfireExporter", "hangfireExporter\hangfireExporter.csproj", "{8BCD4762-C01D-4DD0-BFE7-1A807D4AE572}"
EndProject
Global
	GlobalSection(SolutionConfigurationPlatforms) = preSolution
		Debug|Any CPU = Debug|Any CPU
		Release|Any CPU = Release|Any CPU
	EndGlobalSection
	GlobalSection(ProjectConfigurationPlatforms) = postSolution
		{8BCD4762-C01D-4DD0-BFE7-1A807D4AE572}.Debug|Any CPU.ActiveCfg = Debug|Any CPU
		{8BCD4762-C01D-4DD0-BFE7-1A807D4AE572}.Debug|Any CPU.Build.0 = Debug|Any CPU
		{8BCD4762-C01D-4DD0-BFE7-1A807D4AE572}.Release|Any CPU.ActiveCfg = Release|Any CPU
		{8BCD4762-C01D-4DD0-BFE7-1A807D4AE572}.Release|Any CPU.Build.0 = Release|Any CPU
	EndGlobalSection
	GlobalSection(SolutionProperties) = preSolution
		HideSolutionNode = FALSE
	EndGlobalSection
	GlobalSection(ExtensibilityGlobals) = postSolution
		SolutionGuid = {57837103-F8D3-4D45-BBBA-6FA4159F5DD4}
	EndGlobalSection
EndGlobal
